
Microsoft Visual Studio Solution File, Format Version 12.00
# Visual Studio Version 17
VisualStudioVersion = 17.7.34024.191
MinimumVisualStudioVersion = 10.0.40219.1
Project("{FAE04EC0-301F-11D3-BF4B-00C04F79EFBC}") = "HE.CRM.AHP.Plugins.Tests", "HE.CRM.AHP.Plugins.Tests.csproj", "{0CD54056-E9DF-4A43-8A95-D7A64CF14780}"
EndProject
Global
	GlobalSection(SolutionConfigurationPlatforms) = preSolution
		Debug|Any CPU = Debug|Any CPU
		Release|Any CPU = Release|Any CPU
	EndGlobalSection
	GlobalSection(ProjectConfigurationPlatforms) = postSolution
		{0CD54056-E9DF-4A43-8A95-D7A64CF14780}.Debug|Any CPU.ActiveCfg = Debug|Any CPU
		{0CD54056-E9DF-4A43-8A95-D7A64CF14780}.Debug|Any CPU.Build.0 = Debug|Any CPU
		{0CD54056-E9DF-4A43-8A95-D7A64CF14780}.Release|Any CPU.ActiveCfg = Release|Any CPU
		{0CD54056-E9DF-4A43-8A95-D7A64CF14780}.Release|Any CPU.Build.0 = Release|Any CPU
	EndGlobalSection
	GlobalSection(SolutionProperties) = preSolution
		HideSolutionNode = FALSE
	EndGlobalSection
	GlobalSection(ExtensibilityGlobals) = postSolution
		SolutionGuid = {6688E794-68B5-436B-85EF-2ECFB444456F}
	EndGlobalSection
EndGlobal
