Microsoft Visual Studio Solution File, Format Version 12.00
# Visual Studio Version 17
VisualStudioVersion = 17.5.33516.290
MinimumVisualStudioVersion = 10.0.40219.1
Project("{9A19103F-16F7-4668-BE54-9A1E7A4F7556}") = "HE.InvestmentLoans.WWW", "HE.InvestmentLoans.WWW\HE.InvestmentLoans.WWW.csproj", "{BE50469F-799B-4DC1-94A5-2294FCBE9197}"
EndProject
Project("{2150E333-8FDC-42A3-9474-1A3956D46DE8}") = "Loans", "Loans", "{38FFBB09-4F66-4AE7-B4B1-B3B253C27037}"
EndProject
Project("{2150E333-8FDC-42A3-9474-1A3956D46DE8}") = "Crm", "Crm", "{33FF4735-A715-4469-B315-AC227F30391E}"
EndProject
Project("{9A19103F-16F7-4668-BE54-9A1E7A4F7556}") = "HE.InvestmentLoans.CRM", "HE.InvestmentLoans.CRM\HE.InvestmentLoans.CRM.csproj", "{D0307BF3-3695-431B-8961-3B9095EC6A2B}"
EndProject
Project("{2150E333-8FDC-42A3-9474-1A3956D46DE8}") = "Solution Items", "Solution Items", "{CE64880E-48EA-4E9B-8421-0FE2DEDF84D2}"
	ProjectSection(SolutionItems) = preProject
		.editorconfig = .editorconfig
		.gitignore = .gitignore
	EndProjectSection
EndProject
Project("{9A19103F-16F7-4668-BE54-9A1E7A4F7556}") = "HE.InvestmentLoans.BusinessLogic", "HE.InvestmentLoans.BusinessLogic\HE.InvestmentLoans.BusinessLogic.csproj", "{6219F273-9B01-4851-8A17-AC30D0305CAE}"
EndProject
Project("{FAE04EC0-301F-11D3-BF4B-00C04F79EFBC}") = "HE.CRM.Plugins", "HE.CRM.Plugins\HE.CRM.Plugins.csproj", "{464F5B11-C934-42C4-B544-40CFCEE6C683}"
EndProject
Project("{D954291E-2A0B-460D-934E-DC6B0785DB48}") = "HE.CRM.Model", "HE.CRM.Model\HE.CRM.Model.shproj", "{F6DA36CA-A062-404B-B6AD-278652BB3ECB}"
EndProject
Project("{D954291E-2A0B-460D-934E-DC6B0785DB48}") = "HE.CRM.Common", "HE.CRM.Common\HE.CRM.Common.shproj", "{C57C0CF7-DC36-45CD-BFAA-C0F9B632AECB}"
EndProject
Project("{9A19103F-16F7-4668-BE54-9A1E7A4F7556}") = "HE.InvestmentLoans.Common", "HE.InvestmentLoans.Common\HE.InvestmentLoans.Common.csproj", "{D09411DC-BFE6-49BD-A609-C1467D2F81EE}"
EndProject
Project("{9A19103F-16F7-4668-BE54-9A1E7A4F7556}") = "HE.Xrm.ServiceClientExample", "HE.Xrm.ServiceClient\HE.Xrm.ServiceClientExample.csproj", "{36E8826B-DD73-4A11-B523-486F3C54F1F4}"
EndProject
Project("{9A19103F-16F7-4668-BE54-9A1E7A4F7556}") = "He.AspNetCore.Mvc.Gds.Components", "He.AspNetCore.Mvc.Gds.Components\He.AspNetCore.Mvc.Gds.Components.csproj", "{3095AEE3-B6F8-46EF-9E6D-4BE529EC3847}"
EndProject
Project("{2150E333-8FDC-42A3-9474-1A3956D46DE8}") = "Common", "Common", "{49D82160-DF00-41AA-A4F1-C6A32CF38179}"
EndProject
Project("{D954291E-2A0B-460D-934E-DC6B0785DB48}") = "HE.Common.IntegrationModel", "HE.Common.IntegrationModel\HE.Common.IntegrationModel.shproj", "{F4CF4046-1578-49F6-9AB9-E2ACD2765ECF}"
EndProject
Project("{FAE04EC0-301F-11D3-BF4B-00C04F79EFBC}") = "HE.CRM.Plugins.Tests", "HE.CRM.Plugins.Tests\HE.CRM.Plugins.Tests.csproj", "{87D9EABA-C229-42AF-95B7-B8C100124499}"
EndProject
Project("{9A19103F-16F7-4668-BE54-9A1E7A4F7556}") = "HE.InvestmentLoans.BusinessLogic.Tests", "HE.InvestmentLoans.BusinessLogic.Tests\HE.InvestmentLoans.BusinessLogic.Tests.csproj", "{22145ED3-5B37-4F34-964D-C849834D57A7}"
EndProject
Project("{9A19103F-16F7-4668-BE54-9A1E7A4F7556}") = "HE.InvestmentLoans.Contract", "HE.InvestmentLoans.Contract\HE.InvestmentLoans.Contract.csproj", "{DD7D83CE-18D8-4A2E-B689-015747C850E3}"
EndProject
Project("{9A19103F-16F7-4668-BE54-9A1E7A4F7556}") = "HE.InvestmentLoans.Common.Tests", "HE.InvestmentLoans.Common.Tests\HE.InvestmentLoans.Common.Tests.csproj", "{73C15AF7-C996-497A-8D60-5D85F7F56876}"
EndProject
Project("{9092AA53-FB77-4645-B42D-1CCCA6BD08BD}") = "HE.CRM.WebResources", "HE.CRM.WebResources\HE.CRM.WebResources.njsproj", "{23CA5083-A949-46EB-8B60-E1E856E95324}"
EndProject
Project("{9A19103F-16F7-4668-BE54-9A1E7A4F7556}") = "HE.Investments.Organisation", "HE.Investments.Organisation\HE.Investments.Organisation.csproj", "{D06EA4DC-76CF-4CEB-98A0-D89E88020C8D}"
EndProject
Project("{9A19103F-16F7-4668-BE54-9A1E7A4F7556}") = "HE.Investments.Organisation.Tests", "HE.Investments.Organisation.Tests\HE.Investments.Organisation.Tests.csproj", "{DE9DC4B4-A8D7-45D6-8F7D-341059C33111}"
EndProject
Project("{9A19103F-16F7-4668-BE54-9A1E7A4F7556}") = "HE.Investments.IntegrationTests", "HE.Investments.IntegrationTests\HE.Investments.IntegrationTests.csproj", "{01D0B61D-E9CE-4F1D-B312-595541367D36}"
EndProject
Project("{2150E333-8FDC-42A3-9474-1A3956D46DE8}") = "AHP", "AHP", "{0B392B48-7356-4ED7-AC48-C0F576578B81}"
EndProject
Project("{9A19103F-16F7-4668-BE54-9A1E7A4F7556}") = "HE.Investment.AHP.WWW", "HE.Investment.AHP.WWW\HE.Investment.AHP.WWW.csproj", "{6FB748D4-0B94-485A-ABE8-404C34B0FE86}"
EndProject
Project("{9A19103F-16F7-4668-BE54-9A1E7A4F7556}") = "HE.Investment.AHP.Domain", "HE.Investment.AHP.Domain\HE.Investment.AHP.Domain.csproj", "{B6E1AF99-263C-4E52-A766-5FB02F6276DD}"
EndProject
Project("{9A19103F-16F7-4668-BE54-9A1E7A4F7556}") = "HE.Investment.AHP.Contract", "HE.Investment.AHP.Contract\HE.Investment.AHP.Contract.csproj", "{DD7F96A1-1EB8-4C82-9EEB-9294A620F980}"
EndProject
Project("{FAE04EC0-301F-11D3-BF4B-00C04F79EFBC}") = "HE.InvestmentLoans.Common.Contract", "HE.InvestmentLoans.Common.Contract\HE.InvestmentLoans.Common.Contract.csproj", "{70CEFB8C-A400-45A0-8587-BB967C5166C2}"
EndProject
Project("{FAE04EC0-301F-11D3-BF4B-00C04F79EFBC}") = "HE.Investments.TestsUtils", "HE.Investments.TestsUtils\HE.Investments.TestsUtils.csproj", "{A0214710-D6D8-4712-8A8C-503C1CF89D5C}"
EndProject
Project("{FAE04EC0-301F-11D3-BF4B-00C04F79EFBC}") = "HE.InvestmentLoans.WWW.Tests", "HE.InvestmentLoans.WWW.Tests\HE.InvestmentLoans.WWW.Tests.csproj", "{BA405F72-9A7B-4572-B7E7-1376DC31B2A1}"
EndProject
Project("{FAE04EC0-301F-11D3-BF4B-00C04F79EFBC}") = "HE.InvestmentLoans.Contract.Tests", "HE.InvestmentLoans.Contract.Tests\HE.InvestmentLoans.Contract.Tests.csproj", "{468679C5-CC3C-4543-A30F-4F79698A207F}"
EndProject
Project("{FAE04EC0-301F-11D3-BF4B-00C04F79EFBC}") = "HE.Investments.DocumentService", "HE.Investments.DocumentService\HE.Investments.DocumentService.csproj", "{5A9C6D50-26D6-40DA-8092-07A0D4B54162}"
EndProject
Global
	GlobalSection(SolutionConfigurationPlatforms) = preSolution
		Debug|Any CPU = Debug|Any CPU
		Debug|x64 = Debug|x64
		Release|Any CPU = Release|Any CPU
		Release|x64 = Release|x64
	EndGlobalSection
	GlobalSection(ProjectConfigurationPlatforms) = postSolution
		{BE50469F-799B-4DC1-94A5-2294FCBE9197}.Debug|Any CPU.ActiveCfg = Debug|Any CPU
		{BE50469F-799B-4DC1-94A5-2294FCBE9197}.Debug|Any CPU.Build.0 = Debug|Any CPU
		{BE50469F-799B-4DC1-94A5-2294FCBE9197}.Debug|x64.ActiveCfg = Debug|Any CPU
		{BE50469F-799B-4DC1-94A5-2294FCBE9197}.Debug|x64.Build.0 = Debug|Any CPU
		{BE50469F-799B-4DC1-94A5-2294FCBE9197}.Release|Any CPU.ActiveCfg = Release|Any CPU
		{BE50469F-799B-4DC1-94A5-2294FCBE9197}.Release|Any CPU.Build.0 = Release|Any CPU
		{BE50469F-799B-4DC1-94A5-2294FCBE9197}.Release|x64.ActiveCfg = Release|Any CPU
		{BE50469F-799B-4DC1-94A5-2294FCBE9197}.Release|x64.Build.0 = Release|Any CPU
		{D0307BF3-3695-431B-8961-3B9095EC6A2B}.Debug|Any CPU.ActiveCfg = Debug|Any CPU
		{D0307BF3-3695-431B-8961-3B9095EC6A2B}.Debug|Any CPU.Build.0 = Debug|Any CPU
		{D0307BF3-3695-431B-8961-3B9095EC6A2B}.Debug|x64.ActiveCfg = Debug|Any CPU
		{D0307BF3-3695-431B-8961-3B9095EC6A2B}.Debug|x64.Build.0 = Debug|Any CPU
		{D0307BF3-3695-431B-8961-3B9095EC6A2B}.Release|Any CPU.ActiveCfg = Release|Any CPU
		{D0307BF3-3695-431B-8961-3B9095EC6A2B}.Release|Any CPU.Build.0 = Release|Any CPU
		{D0307BF3-3695-431B-8961-3B9095EC6A2B}.Release|x64.ActiveCfg = Release|Any CPU
		{D0307BF3-3695-431B-8961-3B9095EC6A2B}.Release|x64.Build.0 = Release|Any CPU
		{6219F273-9B01-4851-8A17-AC30D0305CAE}.Debug|Any CPU.ActiveCfg = Debug|Any CPU
		{6219F273-9B01-4851-8A17-AC30D0305CAE}.Debug|Any CPU.Build.0 = Debug|Any CPU
		{6219F273-9B01-4851-8A17-AC30D0305CAE}.Debug|x64.ActiveCfg = Debug|Any CPU
		{6219F273-9B01-4851-8A17-AC30D0305CAE}.Debug|x64.Build.0 = Debug|Any CPU
		{6219F273-9B01-4851-8A17-AC30D0305CAE}.Release|Any CPU.ActiveCfg = Release|Any CPU
		{6219F273-9B01-4851-8A17-AC30D0305CAE}.Release|Any CPU.Build.0 = Release|Any CPU
		{6219F273-9B01-4851-8A17-AC30D0305CAE}.Release|x64.ActiveCfg = Release|Any CPU
		{6219F273-9B01-4851-8A17-AC30D0305CAE}.Release|x64.Build.0 = Release|Any CPU
		{464F5B11-C934-42C4-B544-40CFCEE6C683}.Debug|Any CPU.ActiveCfg = Debug|Any CPU
		{464F5B11-C934-42C4-B544-40CFCEE6C683}.Debug|Any CPU.Build.0 = Debug|Any CPU
		{464F5B11-C934-42C4-B544-40CFCEE6C683}.Debug|x64.ActiveCfg = Debug|x64
		{464F5B11-C934-42C4-B544-40CFCEE6C683}.Debug|x64.Build.0 = Debug|x64
		{464F5B11-C934-42C4-B544-40CFCEE6C683}.Release|Any CPU.ActiveCfg = Release|Any CPU
		{464F5B11-C934-42C4-B544-40CFCEE6C683}.Release|Any CPU.Build.0 = Release|Any CPU
		{464F5B11-C934-42C4-B544-40CFCEE6C683}.Release|x64.ActiveCfg = Release|x64
		{464F5B11-C934-42C4-B544-40CFCEE6C683}.Release|x64.Build.0 = Release|x64
		{D09411DC-BFE6-49BD-A609-C1467D2F81EE}.Debug|Any CPU.ActiveCfg = Debug|Any CPU
		{D09411DC-BFE6-49BD-A609-C1467D2F81EE}.Debug|Any CPU.Build.0 = Debug|Any CPU
		{D09411DC-BFE6-49BD-A609-C1467D2F81EE}.Debug|x64.ActiveCfg = Debug|Any CPU
		{D09411DC-BFE6-49BD-A609-C1467D2F81EE}.Debug|x64.Build.0 = Debug|Any CPU
		{D09411DC-BFE6-49BD-A609-C1467D2F81EE}.Release|Any CPU.ActiveCfg = Release|Any CPU
		{D09411DC-BFE6-49BD-A609-C1467D2F81EE}.Release|Any CPU.Build.0 = Release|Any CPU
		{D09411DC-BFE6-49BD-A609-C1467D2F81EE}.Release|x64.ActiveCfg = Release|Any CPU
		{D09411DC-BFE6-49BD-A609-C1467D2F81EE}.Release|x64.Build.0 = Release|Any CPU
		{36E8826B-DD73-4A11-B523-486F3C54F1F4}.Debug|Any CPU.ActiveCfg = Debug|Any CPU
		{36E8826B-DD73-4A11-B523-486F3C54F1F4}.Debug|Any CPU.Build.0 = Debug|Any CPU
		{36E8826B-DD73-4A11-B523-486F3C54F1F4}.Debug|x64.ActiveCfg = Debug|Any CPU
		{36E8826B-DD73-4A11-B523-486F3C54F1F4}.Debug|x64.Build.0 = Debug|Any CPU
		{36E8826B-DD73-4A11-B523-486F3C54F1F4}.Release|Any CPU.ActiveCfg = Release|Any CPU
		{36E8826B-DD73-4A11-B523-486F3C54F1F4}.Release|Any CPU.Build.0 = Release|Any CPU
		{36E8826B-DD73-4A11-B523-486F3C54F1F4}.Release|x64.ActiveCfg = Release|Any CPU
		{36E8826B-DD73-4A11-B523-486F3C54F1F4}.Release|x64.Build.0 = Release|Any CPU
		{3095AEE3-B6F8-46EF-9E6D-4BE529EC3847}.Debug|Any CPU.ActiveCfg = Debug|Any CPU
		{3095AEE3-B6F8-46EF-9E6D-4BE529EC3847}.Debug|Any CPU.Build.0 = Debug|Any CPU
		{3095AEE3-B6F8-46EF-9E6D-4BE529EC3847}.Debug|x64.ActiveCfg = Debug|Any CPU
		{3095AEE3-B6F8-46EF-9E6D-4BE529EC3847}.Debug|x64.Build.0 = Debug|Any CPU
		{3095AEE3-B6F8-46EF-9E6D-4BE529EC3847}.Release|Any CPU.ActiveCfg = Release|Any CPU
		{3095AEE3-B6F8-46EF-9E6D-4BE529EC3847}.Release|Any CPU.Build.0 = Release|Any CPU
		{3095AEE3-B6F8-46EF-9E6D-4BE529EC3847}.Release|x64.ActiveCfg = Release|Any CPU
		{3095AEE3-B6F8-46EF-9E6D-4BE529EC3847}.Release|x64.Build.0 = Release|Any CPU
		{87D9EABA-C229-42AF-95B7-B8C100124499}.Debug|Any CPU.ActiveCfg = Debug|Any CPU
		{87D9EABA-C229-42AF-95B7-B8C100124499}.Debug|Any CPU.Build.0 = Debug|Any CPU
		{87D9EABA-C229-42AF-95B7-B8C100124499}.Debug|x64.ActiveCfg = Debug|Any CPU
		{87D9EABA-C229-42AF-95B7-B8C100124499}.Debug|x64.Build.0 = Debug|Any CPU
		{87D9EABA-C229-42AF-95B7-B8C100124499}.Release|Any CPU.ActiveCfg = Release|Any CPU
		{87D9EABA-C229-42AF-95B7-B8C100124499}.Release|Any CPU.Build.0 = Release|Any CPU
		{87D9EABA-C229-42AF-95B7-B8C100124499}.Release|x64.ActiveCfg = Release|Any CPU
		{87D9EABA-C229-42AF-95B7-B8C100124499}.Release|x64.Build.0 = Release|Any CPU
		{22145ED3-5B37-4F34-964D-C849834D57A7}.Debug|Any CPU.ActiveCfg = Debug|Any CPU
		{22145ED3-5B37-4F34-964D-C849834D57A7}.Debug|Any CPU.Build.0 = Debug|Any CPU
		{22145ED3-5B37-4F34-964D-C849834D57A7}.Debug|x64.ActiveCfg = Debug|Any CPU
		{22145ED3-5B37-4F34-964D-C849834D57A7}.Debug|x64.Build.0 = Debug|Any CPU
		{22145ED3-5B37-4F34-964D-C849834D57A7}.Release|Any CPU.ActiveCfg = Release|Any CPU
		{22145ED3-5B37-4F34-964D-C849834D57A7}.Release|Any CPU.Build.0 = Release|Any CPU
		{22145ED3-5B37-4F34-964D-C849834D57A7}.Release|x64.ActiveCfg = Release|Any CPU
		{22145ED3-5B37-4F34-964D-C849834D57A7}.Release|x64.Build.0 = Release|Any CPU
		{DD7D83CE-18D8-4A2E-B689-015747C850E3}.Debug|Any CPU.ActiveCfg = Debug|Any CPU
		{DD7D83CE-18D8-4A2E-B689-015747C850E3}.Debug|Any CPU.Build.0 = Debug|Any CPU
		{DD7D83CE-18D8-4A2E-B689-015747C850E3}.Debug|x64.ActiveCfg = Debug|Any CPU
		{DD7D83CE-18D8-4A2E-B689-015747C850E3}.Debug|x64.Build.0 = Debug|Any CPU
		{DD7D83CE-18D8-4A2E-B689-015747C850E3}.Release|Any CPU.ActiveCfg = Release|Any CPU
		{DD7D83CE-18D8-4A2E-B689-015747C850E3}.Release|Any CPU.Build.0 = Release|Any CPU
		{DD7D83CE-18D8-4A2E-B689-015747C850E3}.Release|x64.ActiveCfg = Release|Any CPU
		{DD7D83CE-18D8-4A2E-B689-015747C850E3}.Release|x64.Build.0 = Release|Any CPU
		{73C15AF7-C996-497A-8D60-5D85F7F56876}.Debug|Any CPU.ActiveCfg = Debug|Any CPU
		{73C15AF7-C996-497A-8D60-5D85F7F56876}.Debug|Any CPU.Build.0 = Debug|Any CPU
		{73C15AF7-C996-497A-8D60-5D85F7F56876}.Debug|x64.ActiveCfg = Debug|Any CPU
		{73C15AF7-C996-497A-8D60-5D85F7F56876}.Debug|x64.Build.0 = Debug|Any CPU
		{73C15AF7-C996-497A-8D60-5D85F7F56876}.Release|Any CPU.ActiveCfg = Release|Any CPU
		{73C15AF7-C996-497A-8D60-5D85F7F56876}.Release|Any CPU.Build.0 = Release|Any CPU
		{73C15AF7-C996-497A-8D60-5D85F7F56876}.Release|x64.ActiveCfg = Release|Any CPU
		{73C15AF7-C996-497A-8D60-5D85F7F56876}.Release|x64.Build.0 = Release|Any CPU
		{23CA5083-A949-46EB-8B60-E1E856E95324}.Debug|Any CPU.ActiveCfg = Debug|Any CPU
		{23CA5083-A949-46EB-8B60-E1E856E95324}.Debug|Any CPU.Build.0 = Debug|Any CPU
		{23CA5083-A949-46EB-8B60-E1E856E95324}.Debug|x64.ActiveCfg = Debug|Any CPU
		{23CA5083-A949-46EB-8B60-E1E856E95324}.Debug|x64.Build.0 = Debug|Any CPU
		{23CA5083-A949-46EB-8B60-E1E856E95324}.Release|Any CPU.ActiveCfg = Release|Any CPU
		{23CA5083-A949-46EB-8B60-E1E856E95324}.Release|Any CPU.Build.0 = Release|Any CPU
		{23CA5083-A949-46EB-8B60-E1E856E95324}.Release|x64.ActiveCfg = Release|Any CPU
		{23CA5083-A949-46EB-8B60-E1E856E95324}.Release|x64.Build.0 = Release|Any CPU
		{D06EA4DC-76CF-4CEB-98A0-D89E88020C8D}.Debug|Any CPU.ActiveCfg = Debug|Any CPU
		{D06EA4DC-76CF-4CEB-98A0-D89E88020C8D}.Debug|Any CPU.Build.0 = Debug|Any CPU
		{D06EA4DC-76CF-4CEB-98A0-D89E88020C8D}.Debug|x64.ActiveCfg = Debug|Any CPU
		{D06EA4DC-76CF-4CEB-98A0-D89E88020C8D}.Debug|x64.Build.0 = Debug|Any CPU
		{D06EA4DC-76CF-4CEB-98A0-D89E88020C8D}.Release|Any CPU.ActiveCfg = Release|Any CPU
		{D06EA4DC-76CF-4CEB-98A0-D89E88020C8D}.Release|Any CPU.Build.0 = Release|Any CPU
		{D06EA4DC-76CF-4CEB-98A0-D89E88020C8D}.Release|x64.ActiveCfg = Release|Any CPU
		{D06EA4DC-76CF-4CEB-98A0-D89E88020C8D}.Release|x64.Build.0 = Release|Any CPU
		{DE9DC4B4-A8D7-45D6-8F7D-341059C33111}.Debug|Any CPU.ActiveCfg = Debug|Any CPU
		{DE9DC4B4-A8D7-45D6-8F7D-341059C33111}.Debug|Any CPU.Build.0 = Debug|Any CPU
		{DE9DC4B4-A8D7-45D6-8F7D-341059C33111}.Debug|x64.ActiveCfg = Debug|Any CPU
		{DE9DC4B4-A8D7-45D6-8F7D-341059C33111}.Debug|x64.Build.0 = Debug|Any CPU
		{DE9DC4B4-A8D7-45D6-8F7D-341059C33111}.Release|Any CPU.ActiveCfg = Release|Any CPU
		{DE9DC4B4-A8D7-45D6-8F7D-341059C33111}.Release|Any CPU.Build.0 = Release|Any CPU
		{DE9DC4B4-A8D7-45D6-8F7D-341059C33111}.Release|x64.ActiveCfg = Release|Any CPU
		{DE9DC4B4-A8D7-45D6-8F7D-341059C33111}.Release|x64.Build.0 = Release|Any CPU
		{01D0B61D-E9CE-4F1D-B312-595541367D36}.Debug|Any CPU.ActiveCfg = Debug|Any CPU
		{01D0B61D-E9CE-4F1D-B312-595541367D36}.Debug|Any CPU.Build.0 = Debug|Any CPU
		{01D0B61D-E9CE-4F1D-B312-595541367D36}.Debug|x64.ActiveCfg = Debug|Any CPU
		{01D0B61D-E9CE-4F1D-B312-595541367D36}.Debug|x64.Build.0 = Debug|Any CPU
		{01D0B61D-E9CE-4F1D-B312-595541367D36}.Release|Any CPU.ActiveCfg = Release|Any CPU
		{01D0B61D-E9CE-4F1D-B312-595541367D36}.Release|Any CPU.Build.0 = Release|Any CPU
		{01D0B61D-E9CE-4F1D-B312-595541367D36}.Release|x64.ActiveCfg = Release|Any CPU
		{01D0B61D-E9CE-4F1D-B312-595541367D36}.Release|x64.Build.0 = Release|Any CPU
		{6FB748D4-0B94-485A-ABE8-404C34B0FE86}.Debug|Any CPU.ActiveCfg = Debug|Any CPU
		{6FB748D4-0B94-485A-ABE8-404C34B0FE86}.Debug|Any CPU.Build.0 = Debug|Any CPU
		{6FB748D4-0B94-485A-ABE8-404C34B0FE86}.Debug|x64.ActiveCfg = Debug|Any CPU
		{6FB748D4-0B94-485A-ABE8-404C34B0FE86}.Debug|x64.Build.0 = Debug|Any CPU
		{6FB748D4-0B94-485A-ABE8-404C34B0FE86}.Release|Any CPU.ActiveCfg = Release|Any CPU
		{6FB748D4-0B94-485A-ABE8-404C34B0FE86}.Release|Any CPU.Build.0 = Release|Any CPU
		{6FB748D4-0B94-485A-ABE8-404C34B0FE86}.Release|x64.ActiveCfg = Release|Any CPU
		{6FB748D4-0B94-485A-ABE8-404C34B0FE86}.Release|x64.Build.0 = Release|Any CPU
		{B6E1AF99-263C-4E52-A766-5FB02F6276DD}.Debug|Any CPU.ActiveCfg = Debug|Any CPU
		{B6E1AF99-263C-4E52-A766-5FB02F6276DD}.Debug|Any CPU.Build.0 = Debug|Any CPU
		{B6E1AF99-263C-4E52-A766-5FB02F6276DD}.Debug|x64.ActiveCfg = Debug|Any CPU
		{B6E1AF99-263C-4E52-A766-5FB02F6276DD}.Debug|x64.Build.0 = Debug|Any CPU
		{B6E1AF99-263C-4E52-A766-5FB02F6276DD}.Release|Any CPU.ActiveCfg = Release|Any CPU
		{B6E1AF99-263C-4E52-A766-5FB02F6276DD}.Release|Any CPU.Build.0 = Release|Any CPU
		{B6E1AF99-263C-4E52-A766-5FB02F6276DD}.Release|x64.ActiveCfg = Release|Any CPU
		{B6E1AF99-263C-4E52-A766-5FB02F6276DD}.Release|x64.Build.0 = Release|Any CPU
		{DD7F96A1-1EB8-4C82-9EEB-9294A620F980}.Debug|Any CPU.ActiveCfg = Debug|Any CPU
		{DD7F96A1-1EB8-4C82-9EEB-9294A620F980}.Debug|Any CPU.Build.0 = Debug|Any CPU
		{DD7F96A1-1EB8-4C82-9EEB-9294A620F980}.Debug|x64.ActiveCfg = Debug|Any CPU
		{DD7F96A1-1EB8-4C82-9EEB-9294A620F980}.Debug|x64.Build.0 = Debug|Any CPU
		{DD7F96A1-1EB8-4C82-9EEB-9294A620F980}.Release|Any CPU.ActiveCfg = Release|Any CPU
		{DD7F96A1-1EB8-4C82-9EEB-9294A620F980}.Release|Any CPU.Build.0 = Release|Any CPU
		{DD7F96A1-1EB8-4C82-9EEB-9294A620F980}.Release|x64.ActiveCfg = Release|Any CPU
		{DD7F96A1-1EB8-4C82-9EEB-9294A620F980}.Release|x64.Build.0 = Release|Any CPU
		{70CEFB8C-A400-45A0-8587-BB967C5166C2}.Debug|Any CPU.ActiveCfg = Debug|Any CPU
		{70CEFB8C-A400-45A0-8587-BB967C5166C2}.Debug|Any CPU.Build.0 = Debug|Any CPU
		{70CEFB8C-A400-45A0-8587-BB967C5166C2}.Debug|x64.ActiveCfg = Debug|Any CPU
		{70CEFB8C-A400-45A0-8587-BB967C5166C2}.Debug|x64.Build.0 = Debug|Any CPU
		{70CEFB8C-A400-45A0-8587-BB967C5166C2}.Release|Any CPU.ActiveCfg = Release|Any CPU
		{70CEFB8C-A400-45A0-8587-BB967C5166C2}.Release|Any CPU.Build.0 = Release|Any CPU
		{70CEFB8C-A400-45A0-8587-BB967C5166C2}.Release|x64.ActiveCfg = Release|Any CPU
		{70CEFB8C-A400-45A0-8587-BB967C5166C2}.Release|x64.Build.0 = Release|Any CPU
		{A0214710-D6D8-4712-8A8C-503C1CF89D5C}.Debug|Any CPU.ActiveCfg = Debug|Any CPU
		{A0214710-D6D8-4712-8A8C-503C1CF89D5C}.Debug|Any CPU.Build.0 = Debug|Any CPU
		{A0214710-D6D8-4712-8A8C-503C1CF89D5C}.Debug|x64.ActiveCfg = Debug|Any CPU
		{A0214710-D6D8-4712-8A8C-503C1CF89D5C}.Debug|x64.Build.0 = Debug|Any CPU
		{A0214710-D6D8-4712-8A8C-503C1CF89D5C}.Release|Any CPU.ActiveCfg = Release|Any CPU
		{A0214710-D6D8-4712-8A8C-503C1CF89D5C}.Release|Any CPU.Build.0 = Release|Any CPU
		{A0214710-D6D8-4712-8A8C-503C1CF89D5C}.Release|x64.ActiveCfg = Release|Any CPU
		{A0214710-D6D8-4712-8A8C-503C1CF89D5C}.Release|x64.Build.0 = Release|Any CPU
		{BA405F72-9A7B-4572-B7E7-1376DC31B2A1}.Debug|Any CPU.ActiveCfg = Debug|Any CPU
		{BA405F72-9A7B-4572-B7E7-1376DC31B2A1}.Debug|Any CPU.Build.0 = Debug|Any CPU
		{BA405F72-9A7B-4572-B7E7-1376DC31B2A1}.Debug|x64.ActiveCfg = Debug|Any CPU
		{BA405F72-9A7B-4572-B7E7-1376DC31B2A1}.Debug|x64.Build.0 = Debug|Any CPU
		{BA405F72-9A7B-4572-B7E7-1376DC31B2A1}.Release|Any CPU.ActiveCfg = Release|Any CPU
		{BA405F72-9A7B-4572-B7E7-1376DC31B2A1}.Release|Any CPU.Build.0 = Release|Any CPU
		{BA405F72-9A7B-4572-B7E7-1376DC31B2A1}.Release|x64.ActiveCfg = Release|Any CPU
		{BA405F72-9A7B-4572-B7E7-1376DC31B2A1}.Release|x64.Build.0 = Release|Any CPU
		{468679C5-CC3C-4543-A30F-4F79698A207F}.Debug|Any CPU.ActiveCfg = Debug|Any CPU
		{468679C5-CC3C-4543-A30F-4F79698A207F}.Debug|Any CPU.Build.0 = Debug|Any CPU
		{468679C5-CC3C-4543-A30F-4F79698A207F}.Debug|x64.ActiveCfg = Debug|Any CPU
		{468679C5-CC3C-4543-A30F-4F79698A207F}.Debug|x64.Build.0 = Debug|Any CPU
		{468679C5-CC3C-4543-A30F-4F79698A207F}.Release|Any CPU.ActiveCfg = Release|Any CPU
		{468679C5-CC3C-4543-A30F-4F79698A207F}.Release|Any CPU.Build.0 = Release|Any CPU
		{468679C5-CC3C-4543-A30F-4F79698A207F}.Release|x64.ActiveCfg = Release|Any CPU
		{468679C5-CC3C-4543-A30F-4F79698A207F}.Release|x64.Build.0 = Release|Any CPU
		{5A9C6D50-26D6-40DA-8092-07A0D4B54162}.Debug|Any CPU.ActiveCfg = Debug|Any CPU
		{5A9C6D50-26D6-40DA-8092-07A0D4B54162}.Debug|Any CPU.Build.0 = Debug|Any CPU
		{5A9C6D50-26D6-40DA-8092-07A0D4B54162}.Debug|x64.ActiveCfg = Debug|Any CPU
		{5A9C6D50-26D6-40DA-8092-07A0D4B54162}.Debug|x64.Build.0 = Debug|Any CPU
		{5A9C6D50-26D6-40DA-8092-07A0D4B54162}.Release|Any CPU.ActiveCfg = Release|Any CPU
		{5A9C6D50-26D6-40DA-8092-07A0D4B54162}.Release|Any CPU.Build.0 = Release|Any CPU
		{5A9C6D50-26D6-40DA-8092-07A0D4B54162}.Release|x64.ActiveCfg = Release|Any CPU
		{5A9C6D50-26D6-40DA-8092-07A0D4B54162}.Release|x64.Build.0 = Release|Any CPU
	EndGlobalSection
	GlobalSection(SolutionProperties) = preSolution
		HideSolutionNode = FALSE
	EndGlobalSection
	GlobalSection(NestedProjects) = preSolution
		{BE50469F-799B-4DC1-94A5-2294FCBE9197} = {38FFBB09-4F66-4AE7-B4B1-B3B253C27037}
		{D0307BF3-3695-431B-8961-3B9095EC6A2B} = {38FFBB09-4F66-4AE7-B4B1-B3B253C27037}
		{6219F273-9B01-4851-8A17-AC30D0305CAE} = {38FFBB09-4F66-4AE7-B4B1-B3B253C27037}
		{464F5B11-C934-42C4-B544-40CFCEE6C683} = {33FF4735-A715-4469-B315-AC227F30391E}
		{F6DA36CA-A062-404B-B6AD-278652BB3ECB} = {33FF4735-A715-4469-B315-AC227F30391E}
		{C57C0CF7-DC36-45CD-BFAA-C0F9B632AECB} = {33FF4735-A715-4469-B315-AC227F30391E}
		{D09411DC-BFE6-49BD-A609-C1467D2F81EE} = {38FFBB09-4F66-4AE7-B4B1-B3B253C27037}
		{36E8826B-DD73-4A11-B523-486F3C54F1F4} = {33FF4735-A715-4469-B315-AC227F30391E}
		{3095AEE3-B6F8-46EF-9E6D-4BE529EC3847} = {38FFBB09-4F66-4AE7-B4B1-B3B253C27037}
		{F4CF4046-1578-49F6-9AB9-E2ACD2765ECF} = {49D82160-DF00-41AA-A4F1-C6A32CF38179}
		{87D9EABA-C229-42AF-95B7-B8C100124499} = {33FF4735-A715-4469-B315-AC227F30391E}
		{22145ED3-5B37-4F34-964D-C849834D57A7} = {38FFBB09-4F66-4AE7-B4B1-B3B253C27037}
		{DD7D83CE-18D8-4A2E-B689-015747C850E3} = {38FFBB09-4F66-4AE7-B4B1-B3B253C27037}
		{73C15AF7-C996-497A-8D60-5D85F7F56876} = {38FFBB09-4F66-4AE7-B4B1-B3B253C27037}
		{23CA5083-A949-46EB-8B60-E1E856E95324} = {33FF4735-A715-4469-B315-AC227F30391E}
		{D06EA4DC-76CF-4CEB-98A0-D89E88020C8D} = {49D82160-DF00-41AA-A4F1-C6A32CF38179}
		{DE9DC4B4-A8D7-45D6-8F7D-341059C33111} = {49D82160-DF00-41AA-A4F1-C6A32CF38179}
		{01D0B61D-E9CE-4F1D-B312-595541367D36} = {38FFBB09-4F66-4AE7-B4B1-B3B253C27037}
		{6FB748D4-0B94-485A-ABE8-404C34B0FE86} = {0B392B48-7356-4ED7-AC48-C0F576578B81}
		{B6E1AF99-263C-4E52-A766-5FB02F6276DD} = {0B392B48-7356-4ED7-AC48-C0F576578B81}
		{DD7F96A1-1EB8-4C82-9EEB-9294A620F980} = {0B392B48-7356-4ED7-AC48-C0F576578B81}
		{70CEFB8C-A400-45A0-8587-BB967C5166C2} = {38FFBB09-4F66-4AE7-B4B1-B3B253C27037}
		{A0214710-D6D8-4712-8A8C-503C1CF89D5C} = {49D82160-DF00-41AA-A4F1-C6A32CF38179}
		{BA405F72-9A7B-4572-B7E7-1376DC31B2A1} = {38FFBB09-4F66-4AE7-B4B1-B3B253C27037}
		{468679C5-CC3C-4543-A30F-4F79698A207F} = {38FFBB09-4F66-4AE7-B4B1-B3B253C27037}
		{5A9C6D50-26D6-40DA-8092-07A0D4B54162} = {49D82160-DF00-41AA-A4F1-C6A32CF38179}
	EndGlobalSection
	GlobalSection(ExtensibilityGlobals) = postSolution
		SolutionGuid = {44D30F0B-F008-4D12-95FB-E893E3AFB749}
	EndGlobalSection
	GlobalSection(SharedMSBuildProjectFiles) = preSolution
		HE.Common.IntegrationModel\HE.Common.IntegrationModel.projitems*{36e8826b-dd73-4a11-b523-486f3c54f1f4}*SharedItemsImports = 5
		HE.CRM.Model\HE.CRM.Model.projitems*{36e8826b-dd73-4a11-b523-486f3c54f1f4}*SharedItemsImports = 5
		HE.Common.IntegrationModel\HE.Common.IntegrationModel.projitems*{464f5b11-c934-42c4-b544-40cfcee6c683}*SharedItemsImports = 4
		HE.CRM.Common\HE.CRM.Common.projitems*{464f5b11-c934-42c4-b544-40cfcee6c683}*SharedItemsImports = 4
		HE.CRM.Model\HE.CRM.Model.projitems*{464f5b11-c934-42c4-b544-40cfcee6c683}*SharedItemsImports = 4
		HE.Common.IntegrationModel\HE.Common.IntegrationModel.projitems*{6219f273-9b01-4851-8a17-ac30d0305cae}*SharedItemsImports = 5
		HE.CRM.Common\HE.CRM.Common.projitems*{c57c0cf7-dc36-45cd-bfaa-c0f9b632aecb}*SharedItemsImports = 13
		HE.Common.IntegrationModel\HE.Common.IntegrationModel.projitems*{d06ea4dc-76cf-4ceb-98a0-d89e88020c8d}*SharedItemsImports = 5
		HE.Common.IntegrationModel\HE.Common.IntegrationModel.projitems*{f4cf4046-1578-49f6-9ab9-e2acd2765ecf}*SharedItemsImports = 13
		HE.CRM.Model\HE.CRM.Model.projitems*{f6da36ca-a062-404b-b6ad-278652bb3ecb}*SharedItemsImports = 13
	EndGlobalSection
EndGlobal
