
Microsoft Visual Studio Solution File, Format Version 12.00
# Visual Studio Version 17
VisualStudioVersion = 17.6.33723.286
MinimumVisualStudioVersion = 10.0.40219.1
Project("{9A19103F-16F7-4668-BE54-9A1E7A4F7556}") = "HE.DocumentService.Api", "HE.DocumentService.Api\HE.DocumentService.Api.csproj", "{AFBF0047-D08E-420B-B425-FA8C99B10C84}"
EndProject
Project("{9A19103F-16F7-4668-BE54-9A1E7A4F7556}") = "HE.DocumentService.SharePoint", "HE.DocumentService.SharePoint\HE.DocumentService.SharePoint.csproj", "{7E9AE818-D513-444B-A74A-53B94D397C8B}"
EndProject
Global
	GlobalSection(SolutionConfigurationPlatforms) = preSolution
		Debug|Any CPU = Debug|Any CPU
		Release|Any CPU = Release|Any CPU
	EndGlobalSection
	GlobalSection(ProjectConfigurationPlatforms) = postSolution
		{AFBF0047-D08E-420B-B425-FA8C99B10C84}.Debug|Any CPU.ActiveCfg = Debug|Any CPU
		{AFBF0047-D08E-420B-B425-FA8C99B10C84}.Debug|Any CPU.Build.0 = Debug|Any CPU
		{AFBF0047-D08E-420B-B425-FA8C99B10C84}.Release|Any CPU.ActiveCfg = Release|Any CPU
		{AFBF0047-D08E-420B-B425-FA8C99B10C84}.Release|Any CPU.Build.0 = Release|Any CPU
		{7E9AE818-D513-444B-A74A-53B94D397C8B}.Debug|Any CPU.ActiveCfg = Debug|Any CPU
		{7E9AE818-D513-444B-A74A-53B94D397C8B}.Debug|Any CPU.Build.0 = Debug|Any CPU
		{7E9AE818-D513-444B-A74A-53B94D397C8B}.Release|Any CPU.ActiveCfg = Release|Any CPU
		{7E9AE818-D513-444B-A74A-53B94D397C8B}.Release|Any CPU.Build.0 = Release|Any CPU
	EndGlobalSection
	GlobalSection(SolutionProperties) = preSolution
		HideSolutionNode = FALSE
	EndGlobalSection
	GlobalSection(ExtensibilityGlobals) = postSolution
		SolutionGuid = {139A325A-D687-41F6-9328-0F1DEB1BC92D}
	EndGlobalSection
EndGlobal
